PODS:
  - PromiseKit (6.15.2):
    - PromiseKit/CorePromise (= 6.15.2)
    - PromiseKit/Foundation (= 6.15.2)
    - PromiseKit/UIKit (= 6.15.2)
  - PromiseKit/CorePromise (6.15.2)
  - PromiseKit/Foundation (6.15.2):
    - PromiseKit/CorePromise
  - PromiseKit/UIKit (6.15.2):
    - PromiseKit/CorePromise
  - Realm (10.7.6):
    - Realm/Headers (= 10.7.6)
  - Realm/Headers (10.7.6)
  - RealmSwift (10.7.6):
    - Realm (= 10.7.6)

DEPENDENCIES:
  - PromiseKit (~> 6.14)
  - RealmSwift (~> 10.7)

SPEC REPOS:
  trunk:
    - PromiseKit
    - Realm
    - RealmSwift

SPEC CHECKSUMS:
  PromiseKit: b11e20e02977f69571038a631a467e010eb43206
  Realm: ed860452717c8db8f4bf832b6807f7f2ce708839
  RealmSwift: e31c4ddbcc42ac879313d656b86f9ca539f6f4f4

PODFILE CHECKSUM: ea4c65f5b7468f1afff141e6925aa4e976773a71

COCOAPODS: 1.10.1
