// !$*UTF8*$!
{
	archiveVersion = 1;
	classes = {
	};
	objectVersion = 50;
	objects = {

/* Begin PBXBuildFile section */
		3917BA3325C861B900C48FA6 /* FriendData.swift in Sources */ = {isa = PBXBuildFile; fileRef = 8B193BCA25C5B3110043AF16 /* FriendData.swift */; };
		393766F025D4267B00FFB8D5 /* FriendSectionHeader.swift in Sources */ = {isa = PBXBuildFile; fileRef = 393766EF25D4267B00FFB8D5 /* FriendSectionHeader.swift */; };
		393766F325D4271200FFB8D5 /* FriendSectionHeader.xib in Resources */ = {isa = PBXBuildFile; fileRef = 393766F225D4271200FFB8D5 /* FriendSectionHeader.xib */; };
		393766F725D471D500FFB8D5 /* NewsTableViewController.swift in Sources */ = {isa = PBXBuildFile; fileRef = 393766F625D471D500FFB8D5 /* NewsTableViewController.swift */; };
		393766FB25D4727700FFB8D5 /* NewsTableViewCell.swift in Sources */ = {isa = PBXBuildFile; fileRef = 393766F925D4727700FFB8D5 /* NewsTableViewCell.swift */; };
		393766FC25D4727700FFB8D5 /* NewsTableViewCell.xib in Resources */ = {isa = PBXBuildFile; fileRef = 393766FA25D4727700FFB8D5 /* NewsTableViewCell.xib */; };
		3971559825CC8AA400470CED /* LikeControl.swift in Sources */ = {isa = PBXBuildFile; fileRef = 3971559725CC8AA400470CED /* LikeControl.swift */; };
		397CD8C525CB3DB900432501 /* AvatarView.swift in Sources */ = {isa = PBXBuildFile; fileRef = 397CD8C425CB3DB900432501 /* AvatarView.swift */; };
		8B193BC025C5AE200043AF16 /* FriendsTableViewCell.swift in Sources */ = {isa = PBXBuildFile; fileRef = 8B193BBE25C5AE200043AF16 /* FriendsTableViewCell.swift */; };
		8B193BC125C5AE200043AF16 /* FriendsTableViewCell.xib in Resources */ = {isa = PBXBuildFile; fileRef = 8B193BBF25C5AE200043AF16 /* FriendsTableViewCell.xib */; };
		8B193BCF25C5CBED0043AF16 /* FriendCollectionViewCell.swift in Sources */ = {isa = PBXBuildFile; fileRef = 8B193BCD25C5CBED0043AF16 /* FriendCollectionViewCell.swift */; };
		8B193BD025C5CBED0043AF16 /* FriendCollectionViewCell.xib in Resources */ = {isa = PBXBuildFile; fileRef = 8B193BCE25C5CBED0043AF16 /* FriendCollectionViewCell.xib */; };
		8B193BD325C5CDE10043AF16 /* FriendCollectionViewController.swift in Sources */ = {isa = PBXBuildFile; fileRef = 8B193BD225C5CDE10043AF16 /* FriendCollectionViewController.swift */; };
		8B193BD825C5E8290043AF16 /* CommunitiesTableViewCell.swift in Sources */ = {isa = PBXBuildFile; fileRef = 8B193BD625C5E8290043AF16 /* CommunitiesTableViewCell.swift */; };
		8B193BD925C5E8290043AF16 /* CommunitiesTableViewCell.xib in Resources */ = {isa = PBXBuildFile; fileRef = 8B193BD725C5E8290043AF16 /* CommunitiesTableViewCell.xib */; };
		8B193BDC25C5E8A60043AF16 /* UserCommunitiesTableViewController.swift in Sources */ = {isa = PBXBuildFile; fileRef = 8B193BDB25C5E8A60043AF16 /* UserCommunitiesTableViewController.swift */; };
		8B193BDF25C5E8C90043AF16 /* GlobalCommunitiesTableViewController.swift in Sources */ = {isa = PBXBuildFile; fileRef = 8B193BDE25C5E8C90043AF16 /* GlobalCommunitiesTableViewController.swift */; };
		8B193BE225C5FFD50043AF16 /* GroupData.swift in Sources */ = {isa = PBXBuildFile; fileRef = 8B193BE125C5FFD50043AF16 /* GroupData.swift */; };
		8B4ED2C125BC92AE00485879 /* AppDelegate.swift in Sources */ = {isa = PBXBuildFile; fileRef = 8B4ED2C025BC92AE00485879 /* AppDelegate.swift */; };
		8B4ED2C825BC92AE00485879 /* Main.storyboard in Resources */ = {isa = PBXBuildFile; fileRef = 8B4ED2C625BC92AE00485879 /* Main.storyboard */; };
		8B4ED2CA25BC92AF00485879 /* Assets.xcassets in Resources */ = {isa = PBXBuildFile; fileRef = 8B4ED2C925BC92AF00485879 /* Assets.xcassets */; };
		8B4ED2CD25BC92AF00485879 /* LaunchScreen.storyboard in Resources */ = {isa = PBXBuildFile; fileRef = 8B4ED2CB25BC92AF00485879 /* LaunchScreen.storyboard */; };
		8B4ED2D825BC93A800485879 /* LoginFormController.swift in Sources */ = {isa = PBXBuildFile; fileRef = 8B4ED2D725BC93A800485879 /* LoginFormController.swift */; };
		8B765CA925C1C2E40079984A /* FriendsTableViewController.swift in Sources */ = {isa = PBXBuildFile; fileRef = 8B765CA825C1C2E40079984A /* FriendsTableViewController.swift */; };
/* End PBXBuildFile section */

/* Begin PBXFileReference section */
		393766EF25D4267B00FFB8D5 /* FriendSectionHeader.swift */ = {isa = PBXFileReference; lastKnownFileType = sourcecode.swift; path = FriendSectionHeader.swift; sourceTree = "<group>"; };
		393766F225D4271200FFB8D5 /* FriendSectionHeader.xib */ = {isa = PBXFileReference; lastKnownFileType = file.xib; path = FriendSectionHeader.xib; sourceTree = "<group>"; };
		393766F625D471D500FFB8D5 /* NewsTableViewController.swift */ = {isa = PBXFileReference; lastKnownFileType = sourcecode.swift; path = NewsTableViewController.swift; sourceTree = "<group>"; };
		393766F925D4727700FFB8D5 /* NewsTableViewCell.swift */ = {isa = PBXFileReference; lastKnownFileType = sourcecode.swift; path = NewsTableViewCell.swift; sourceTree = "<group>"; };
		393766FA25D4727700FFB8D5 /* NewsTableViewCell.xib */ = {isa = PBXFileReference; lastKnownFileType = file.xib; path = NewsTableViewCell.xib; sourceTree = "<group>"; };
		3971559725CC8AA400470CED /* LikeControl.swift */ = {isa = PBXFileReference; lastKnownFileType = sourcecode.swift; path = LikeControl.swift; sourceTree = "<group>"; };
		397CD8C425CB3DB900432501 /* AvatarView.swift */ = {isa = PBXFileReference; lastKnownFileType = sourcecode.swift; path = AvatarView.swift; sourceTree = "<group>"; };
		8B193BBE25C5AE200043AF16 /* FriendsTableViewCell.swift */ = {isa = PBXFileReference; lastKnownFileType = sourcecode.swift; path = FriendsTableViewCell.swift; sourceTree = "<group>"; };
		8B193BBF25C5AE200043AF16 /* FriendsTableViewCell.xib */ = {isa = PBXFileReference; lastKnownFileType = file.xib; path = FriendsTableViewCell.xib; sourceTree = "<group>"; };
		8B193BCA25C5B3110043AF16 /* FriendData.swift */ = {isa = PBXFileReference; lastKnownFileType = sourcecode.swift; path = FriendData.swift; sourceTree = "<group>"; };
		8B193BCD25C5CBED0043AF16 /* FriendCollectionViewCell.swift */ = {isa = PBXFileReference; lastKnownFileType = sourcecode.swift; path = FriendCollectionViewCell.swift; sourceTree = "<group>"; };
		8B193BCE25C5CBED0043AF16 /* FriendCollectionViewCell.xib */ = {isa = PBXFileReference; lastKnownFileType = file.xib; path = FriendCollectionViewCell.xib; sourceTree = "<group>"; };
		8B193BD225C5CDE10043AF16 /* FriendCollectionViewController.swift */ = {isa = PBXFileReference; lastKnownFileType = sourcecode.swift; path = FriendCollectionViewController.swift; sourceTree = "<group>"; };
		8B193BD625C5E8290043AF16 /* CommunitiesTableViewCell.swift */ = {isa = PBXFileReference; lastKnownFileType = sourcecode.swift; path = CommunitiesTableViewCell.swift; sourceTree = "<group>"; };
		8B193BD725C5E8290043AF16 /* CommunitiesTableViewCell.xib */ = {isa = PBXFileReference; lastKnownFileType = file.xib; path = CommunitiesTableViewCell.xib; sourceTree = "<group>"; };
		8B193BDB25C5E8A60043AF16 /* UserCommunitiesTableViewController.swift */ = {isa = PBXFileReference; lastKnownFileType = sourcecode.swift; path = UserCommunitiesTableViewController.swift; sourceTree = "<group>"; };
		8B193BDE25C5E8C90043AF16 /* GlobalCommunitiesTableViewController.swift */ = {isa = PBXFileReference; lastKnownFileType = sourcecode.swift; path = GlobalCommunitiesTableViewController.swift; sourceTree = "<group>"; };
		8B193BE125C5FFD50043AF16 /* GroupData.swift */ = {isa = PBXFileReference; lastKnownFileType = sourcecode.swift; path = GroupData.swift; sourceTree = "<group>"; };
		8B4ED2BD25BC92AE00485879 /* Swift_CustomApp.app */ = {isa = PBXFileReference; explicitFileType = wrapper.application; includeInIndex = 0; path = Swift_CustomApp.app; sourceTree = BUILT_PRODUCTS_DIR; };
		8B4ED2C025BC92AE00485879 /* AppDelegate.swift */ = {isa = PBXFileReference; lastKnownFileType = sourcecode.swift; path = AppDelegate.swift; sourceTree = "<group>"; };
		8B4ED2C725BC92AE00485879 /* Base */ = {isa = PBXFileReference; lastKnownFileType = file.storyboard; name = Base; path = Base.lproj/Main.storyboard; sourceTree = "<group>"; };
		8B4ED2C925BC92AF00485879 /* Assets.xcassets */ = {isa = PBXFileReference; lastKnownFileType = folder.assetcatalog; path = Assets.xcassets; sourceTree = "<group>"; };
		8B4ED2CC25BC92AF00485879 /* Base */ = {isa = PBXFileReference; lastKnownFileType = file.storyboard; name = Base; path = Base.lproj/LaunchScreen.storyboard; sourceTree = "<group>"; };
		8B4ED2CE25BC92AF00485879 /* Info.plist */ = {isa = PBXFileReference; lastKnownFileType = text.plist.xml; path = Info.plist; sourceTree = "<group>"; };
		8B4ED2D725BC93A800485879 /* LoginFormController.swift */ = {isa = PBXFileReference; lastKnownFileType = sourcecode.swift; path = LoginFormController.swift; sourceTree = "<group>"; };
		8B765CA825C1C2E40079984A /* FriendsTableViewController.swift */ = {isa = PBXFileReference; lastKnownFileType = sourcecode.swift; path = FriendsTableViewController.swift; sourceTree = "<group>"; };
/* End PBXFileReference section */

/* Begin PBXFrameworksBuildPhase section */
		8B4ED2BA25BC92AE00485879 /* Frameworks */ = {
			isa = PBXFrameworksBuildPhase;
			buildActionMask = 2147483647;
			files = (
			);
			runOnlyForDeploymentPostprocessing = 0;
		};
/* End PBXFrameworksBuildPhase section */

/* Begin PBXGroup section */
		393766EE25D4264600FFB8D5 /* Headers */ = {
			isa = PBXGroup;
			children = (
				393766EF25D4267B00FFB8D5 /* FriendSectionHeader.swift */,
				393766F225D4271200FFB8D5 /* FriendSectionHeader.xib */,
			);
			path = Headers;
			sourceTree = "<group>";
		};
		8B193BB525C5AC850043AF16 /* Cells */ = {
			isa = PBXGroup;
			children = (
				8B193BBE25C5AE200043AF16 /* FriendsTableViewCell.swift */,
				8B193BBF25C5AE200043AF16 /* FriendsTableViewCell.xib */,
				8B193BCD25C5CBED0043AF16 /* FriendCollectionViewCell.swift */,
				8B193BCE25C5CBED0043AF16 /* FriendCollectionViewCell.xib */,
				8B193BD625C5E8290043AF16 /* CommunitiesTableViewCell.swift */,
				8B193BD725C5E8290043AF16 /* CommunitiesTableViewCell.xib */,
				393766F925D4727700FFB8D5 /* NewsTableViewCell.swift */,
				393766FA25D4727700FFB8D5 /* NewsTableViewCell.xib */,
			);
			path = Cells;
			sourceTree = "<group>";
		};
		8B193BC325C5AF6A0043AF16 /* Model */ = {
			isa = PBXGroup;
			children = (
				8B193BCA25C5B3110043AF16 /* FriendData.swift */,
				8B193BE125C5FFD50043AF16 /* GroupData.swift */,
			);
			path = Model;
			sourceTree = "<group>";
		};
		8B4ED2B425BC92AE00485879 = {
			isa = PBXGroup;
			children = (
				393766EE25D4264600FFB8D5 /* Headers */,
				8B193BC325C5AF6A0043AF16 /* Model */,
				8B193BB525C5AC850043AF16 /* Cells */,
				8B4ED2BF25BC92AE00485879 /* Swift_CustomApp */,
				8B4ED2BE25BC92AE00485879 /* Products */,
			);
			sourceTree = "<group>";
		};
		8B4ED2BE25BC92AE00485879 /* Products */ = {
			isa = PBXGroup;
			children = (
				8B4ED2BD25BC92AE00485879 /* Swift_CustomApp.app */,
			);
			name = Products;
			sourceTree = "<group>";
		};
		8B4ED2BF25BC92AE00485879 /* Swift_CustomApp */ = {
			isa = PBXGroup;
			children = (
				8B765CA825C1C2E40079984A /* FriendsTableViewController.swift */,
				8B4ED2C025BC92AE00485879 /* AppDelegate.swift */,
				8B4ED2C625BC92AE00485879 /* Main.storyboard */,
				8B4ED2C925BC92AF00485879 /* Assets.xcassets */,
				8B4ED2CB25BC92AF00485879 /* LaunchScreen.storyboard */,
				8B4ED2CE25BC92AF00485879 /* Info.plist */,
				8B4ED2D725BC93A800485879 /* LoginFormController.swift */,
				8B193BD225C5CDE10043AF16 /* FriendCollectionViewController.swift */,
				8B193BDB25C5E8A60043AF16 /* UserCommunitiesTableViewController.swift */,
				8B193BDE25C5E8C90043AF16 /* GlobalCommunitiesTableViewController.swift */,
				397CD8C425CB3DB900432501 /* AvatarView.swift */,
				3971559725CC8AA400470CED /* LikeControl.swift */,
				393766F625D471D500FFB8D5 /* NewsTableViewController.swift */,
			);
			path = Swift_CustomApp;
			sourceTree = "<group>";
		};
/* End PBXGroup section */

/* Begin PBXNativeTarget section */
		8B4ED2BC25BC92AE00485879 /* Swift_CustomApp */ = {
			isa = PBXNativeTarget;
			buildConfigurationList = 8B4ED2D125BC92AF00485879 /* Build configuration list for PBXNativeTarget "Swift_CustomApp" */;
			buildPhases = (
				8B4ED2B925BC92AE00485879 /* Sources */,
				8B4ED2BA25BC92AE00485879 /* Frameworks */,
				8B4ED2BB25BC92AE00485879 /* Resources */,
			);
			buildRules = (
			);
			dependencies = (
			);
			name = Swift_CustomApp;
			productName = Swift_CustomApp;
			productReference = 8B4ED2BD25BC92AE00485879 /* Swift_CustomApp.app */;
			productType = "com.apple.product-type.application";
		};
/* End PBXNativeTarget section */

/* Begin PBXProject section */
		8B4ED2B525BC92AE00485879 /* Project object */ = {
			isa = PBXProject;
			attributes = {
				LastSwiftUpdateCheck = 1230;
				LastUpgradeCheck = 1230;
				TargetAttributes = {
					8B4ED2BC25BC92AE00485879 = {
						CreatedOnToolsVersion = 12.3;
					};
				};
			};
			buildConfigurationList = 8B4ED2B825BC92AE00485879 /* Build configuration list for PBXProject "Swift_CustomApp" */;
			compatibilityVersion = "Xcode 9.3";
			developmentRegion = en;
			hasScannedForEncodings = 0;
			knownRegions = (
				en,
				Base,
			);
			mainGroup = 8B4ED2B425BC92AE00485879;
			productRefGroup = 8B4ED2BE25BC92AE00485879 /* Products */;
			projectDirPath = "";
			projectRoot = "";
			targets = (
				8B4ED2BC25BC92AE00485879 /* Swift_CustomApp */,
			);
		};
/* End PBXProject section */

/* Begin PBXResourcesBuildPhase section */
		8B4ED2BB25BC92AE00485879 /* Resources */ = {
			isa = PBXResourcesBuildPhase;
			buildActionMask = 2147483647;
			files = (
				8B193BD025C5CBED0043AF16 /* FriendCollectionViewCell.xib in Resources */,
				8B4ED2CD25BC92AF00485879 /* LaunchScreen.storyboard in Resources */,
				8B4ED2CA25BC92AF00485879 /* Assets.xcassets in Resources */,
				8B193BD925C5E8290043AF16 /* CommunitiesTableViewCell.xib in Resources */,
				393766F325D4271200FFB8D5 /* FriendSectionHeader.xib in Resources */,
				8B4ED2C825BC92AE00485879 /* Main.storyboard in Resources */,
				393766FC25D4727700FFB8D5 /* NewsTableViewCell.xib in Resources */,
				8B193BC125C5AE200043AF16 /* FriendsTableViewCell.xib in Resources */,
			);
			runOnlyForDeploymentPostprocessing = 0;
		};
/* End PBXResourcesBuildPhase section */

/* Begin PBXSourcesBuildPhase section */
		8B4ED2B925BC92AE00485879 /* Sources */ = {
			isa = PBXSourcesBuildPhase;
			buildActionMask = 2147483647;
			files = (
				8B193BE225C5FFD50043AF16 /* GroupData.swift in Sources */,
				397CD8C525CB3DB900432501 /* AvatarView.swift in Sources */,
				393766FB25D4727700FFB8D5 /* NewsTableViewCell.swift in Sources */,
				8B193BDC25C5E8A60043AF16 /* UserCommunitiesTableViewController.swift in Sources */,
				3917BA3325C861B900C48FA6 /* FriendData.swift in Sources */,
				8B193BCF25C5CBED0043AF16 /* FriendCollectionViewCell.swift in Sources */,
				8B193BD825C5E8290043AF16 /* CommunitiesTableViewCell.swift in Sources */,
				8B4ED2D825BC93A800485879 /* LoginFormController.swift in Sources */,
				8B193BDF25C5E8C90043AF16 /* GlobalCommunitiesTableViewController.swift in Sources */,
				393766F725D471D500FFB8D5 /* NewsTableViewController.swift in Sources */,
				393766F025D4267B00FFB8D5 /* FriendSectionHeader.swift in Sources */,
				8B193BD325C5CDE10043AF16 /* FriendCollectionViewController.swift in Sources */,
				3971559825CC8AA400470CED /* LikeControl.swift in Sources */,
				8B765CA925C1C2E40079984A /* FriendsTableViewController.swift in Sources */,
				8B4ED2C125BC92AE00485879 /* AppDelegate.swift in Sources */,
				8B193BC025C5AE200043AF16 /* FriendsTableViewCell.swift in Sources */,
			);
			runOnlyForDeploymentPostprocessing = 0;
		};
/* End PBXSourcesBuildPhase section */

/* Begin PBXVariantGroup section */
		8B4ED2C625BC92AE00485879 /* Main.storyboard */ = {
			isa = PBXVariantGroup;
			children = (
				8B4ED2C725BC92AE00485879 /* Base */,
			);
			name = Main.storyboard;
			sourceTree = "<group>";
		};
		8B4ED2CB25BC92AF00485879 /* LaunchScreen.storyboard */ = {
			isa = PBXVariantGroup;
			children = (
				8B4ED2CC25BC92AF00485879 /* Base */,
			);
			name = LaunchScreen.storyboard;
			sourceTree = "<group>";
		};
/* End PBXVariantGroup section */

/* Begin XCBuildConfiguration section */
		8B4ED2CF25BC92AF00485879 /* Debug */ = {
			isa = XCBuildConfiguration;
			buildSettings = {
				ALWAYS_SEARCH_USER_PATHS = NO;
				CLANG_ANALYZER_NONNULL = YES;
				CLANG_ANALYZER_NUMBER_OBJECT_CONVERSION = YES_AGGRESSIVE;
				CLANG_CXX_LANGUAGE_STANDARD = "gnu++14";
				CLANG_CXX_LIBRARY = "libc++";
				CLANG_ENABLE_MODULES = YES;
				CLANG_ENABLE_OBJC_ARC = YES;
				CLANG_ENABLE_OBJC_WEAK = YES;
				CLANG_WARN_BLOCK_CAPTURE_AUTORELEASING = YES;
				CLANG_WARN_BOOL_CONVERSION = YES;
				CLANG_WARN_COMMA = YES;
				CLANG_WARN_CONSTANT_CONVERSION = YES;
				CLANG_WARN_DEPRECATED_OBJC_IMPLEMENTATIONS = YES;
				CLANG_WARN_DIRECT_OBJC_ISA_USAGE = YES_ERROR;
				CLANG_WARN_DOCUMENTATION_COMMENTS = YES;
				CLANG_WARN_EMPTY_BODY = YES;
				CLANG_WARN_ENUM_CONVERSION = YES;
				CLANG_WARN_INFINITE_RECURSION = YES;
				CLANG_WARN_INT_CONVERSION = YES;
				CLANG_WARN_NON_LITERAL_NULL_CONVERSION = YES;
				CLANG_WARN_OBJC_IMPLICIT_RETAIN_SELF = YES;
				CLANG_WARN_OBJC_LITERAL_CONVERSION = YES;
				CLANG_WARN_OBJC_ROOT_CLASS = YES_ERROR;
				CLANG_WARN_QUOTED_INCLUDE_IN_FRAMEWORK_HEADER = YES;
				CLANG_WARN_RANGE_LOOP_ANALYSIS = YES;
				CLANG_WARN_STRICT_PROTOTYPES = YES;
				CLANG_WARN_SUSPICIOUS_MOVE = YES;
				CLANG_WARN_UNGUARDED_AVAILABILITY = YES_AGGRESSIVE;
				CLANG_WARN_UNREACHABLE_CODE = YES;
				CLANG_WARN__DUPLICATE_METHOD_MATCH = YES;
				COPY_PHASE_STRIP = NO;
				DEBUG_INFORMATION_FORMAT = dwarf;
				ENABLE_STRICT_OBJC_MSGSEND = YES;
				ENABLE_TESTABILITY = YES;
				GCC_C_LANGUAGE_STANDARD = gnu11;
				GCC_DYNAMIC_NO_PIC = NO;
				GCC_NO_COMMON_BLOCKS = YES;
				GCC_OPTIMIZATION_LEVEL = 0;
				GCC_PREPROCESSOR_DEFINITIONS = (
					"DEBUG=1",
					"$(inherited)",
				);
				GCC_WARN_64_TO_32_BIT_CONVERSION = YES;
				GCC_WARN_ABOUT_RETURN_TYPE = YES_ERROR;
				GCC_WARN_UNDECLARED_SELECTOR = YES;
				GCC_WARN_UNINITIALIZED_AUTOS = YES_AGGRESSIVE;
				GCC_WARN_UNUSED_FUNCTION = YES;
				GCC_WARN_UNUSED_VARIABLE = YES;
				IPHONEOS_DEPLOYMENT_TARGET = 14.3;
				MTL_ENABLE_DEBUG_INFO = INCLUDE_SOURCE;
				MTL_FAST_MATH = YES;
				ONLY_ACTIVE_ARCH = YES;
				SDKROOT = iphoneos;
				SWIFT_ACTIVE_COMPILATION_CONDITIONS = DEBUG;
				SWIFT_OPTIMIZATION_LEVEL = "-Onone";
			};
			name = Debug;
		};
		8B4ED2D025BC92AF00485879 /* Release */ = {
			isa = XCBuildConfiguration;
			buildSettings = {
				ALWAYS_SEARCH_USER_PATHS = NO;
				CLANG_ANALYZER_NONNULL = YES;
				CLANG_ANALYZER_NUMBER_OBJECT_CONVERSION = YES_AGGRESSIVE;
				CLANG_CXX_LANGUAGE_STANDARD = "gnu++14";
				CLANG_CXX_LIBRARY = "libc++";
				CLANG_ENABLE_MODULES = YES;
				CLANG_ENABLE_OBJC_ARC = YES;
				CLANG_ENABLE_OBJC_WEAK = YES;
				CLANG_WARN_BLOCK_CAPTURE_AUTORELEASING = YES;
				CLANG_WARN_BOOL_CONVERSION = YES;
				CLANG_WARN_COMMA = YES;
				CLANG_WARN_CONSTANT_CONVERSION = YES;
				CLANG_WARN_DEPRECATED_OBJC_IMPLEMENTATIONS = YES;
				CLANG_WARN_DIRECT_OBJC_ISA_USAGE = YES_ERROR;
				CLANG_WARN_DOCUMENTATION_COMMENTS = YES;
				CLANG_WARN_EMPTY_BODY = YES;
				CLANG_WARN_ENUM_CONVERSION = YES;
				CLANG_WARN_INFINITE_RECURSION = YES;
				CLANG_WARN_INT_CONVERSION = YES;
				CLANG_WARN_NON_LITERAL_NULL_CONVERSION = YES;
				CLANG_WARN_OBJC_IMPLICIT_RETAIN_SELF = YES;
				CLANG_WARN_OBJC_LITERAL_CONVERSION = YES;
				CLANG_WARN_OBJC_ROOT_CLASS = YES_ERROR;
				CLANG_WARN_QUOTED_INCLUDE_IN_FRAMEWORK_HEADER = YES;
				CLANG_WARN_RANGE_LOOP_ANALYSIS = YES;
				CLANG_WARN_STRICT_PROTOTYPES = YES;
				CLANG_WARN_SUSPICIOUS_MOVE = YES;
				CLANG_WARN_UNGUARDED_AVAILABILITY = YES_AGGRESSIVE;
				CLANG_WARN_UNREACHABLE_CODE = YES;
				CLANG_WARN__DUPLICATE_METHOD_MATCH = YES;
				COPY_PHASE_STRIP = NO;
				DEBUG_INFORMATION_FORMAT = "dwarf-with-dsym";
				ENABLE_NS_ASSERTIONS = NO;
				ENABLE_STRICT_OBJC_MSGSEND = YES;
				GCC_C_LANGUAGE_STANDARD = gnu11;
				GCC_NO_COMMON_BLOCKS = YES;
				GCC_WARN_64_TO_32_BIT_CONVERSION = YES;
				GCC_WARN_ABOUT_RETURN_TYPE = YES_ERROR;
				GCC_WARN_UNDECLARED_SELECTOR = YES;
				GCC_WARN_UNINITIALIZED_AUTOS = YES_AGGRESSIVE;
				GCC_WARN_UNUSED_FUNCTION = YES;
				GCC_WARN_UNUSED_VARIABLE = YES;
				IPHONEOS_DEPLOYMENT_TARGET = 14.3;
				MTL_ENABLE_DEBUG_INFO = NO;
				MTL_FAST_MATH = YES;
				SDKROOT = iphoneos;
				SWIFT_COMPILATION_MODE = wholemodule;
				SWIFT_OPTIMIZATION_LEVEL = "-O";
				VALIDATE_PRODUCT = YES;
			};
			name = Release;
		};
		8B4ED2D225BC92AF00485879 /* Debug */ = {
			isa = XCBuildConfiguration;
			buildSettings = {
				ASSETCATALOG_COMPILER_APPICON_NAME = AppIcon;
				ASSETCATALOG_COMPILER_GLOBAL_ACCENT_COLOR_NAME = AccentColor;
				CODE_SIGN_STYLE = Automatic;
				DEVELOPMENT_TEAM = SN53JF86L5;
				INFOPLIST_FILE = Swift_CustomApp/Info.plist;
				LD_RUNPATH_SEARCH_PATHS = (
					"$(inherited)",
					"@executable_path/Frameworks",
				);
				PRODUCT_BUNDLE_IDENTIFIER = "com.DmitryDudenin.Swift-CustomApp";
				PRODUCT_NAME = "$(TARGET_NAME)";
				SWIFT_VERSION = 5.0;
				TARGETED_DEVICE_FAMILY = "1,2";
			};
			name = Debug;
		};
		8B4ED2D325BC92AF00485879 /* Release */ = {
			isa = XCBuildConfiguration;
			buildSettings = {
				ASSETCATALOG_COMPILER_APPICON_NAME = AppIcon;
				ASSETCATALOG_COMPILER_GLOBAL_ACCENT_COLOR_NAME = AccentColor;
				CODE_SIGN_STYLE = Automatic;
				DEVELOPMENT_TEAM = SN53JF86L5;
				INFOPLIST_FILE = Swift_CustomApp/Info.plist;
				LD_RUNPATH_SEARCH_PATHS = (
					"$(inherited)",
					"@executable_path/Frameworks",
				);
				PRODUCT_BUNDLE_IDENTIFIER = "com.DmitryDudenin.Swift-CustomApp";
				PRODUCT_NAME = "$(TARGET_NAME)";
				SWIFT_VERSION = 5.0;
				TARGETED_DEVICE_FAMILY = "1,2";
			};
			name = Release;
		};
/* End XCBuildConfiguration section */

/* Begin XCConfigurationList section */
		8B4ED2B825BC92AE00485879 /* Build configuration list for PBXProject "Swift_CustomApp" */ = {
			isa = XCConfigurationList;
			buildConfigurations = (
				8B4ED2CF25BC92AF00485879 /* Debug */,
				8B4ED2D025BC92AF00485879 /* Release */,
			);
			defaultConfigurationIsVisible = 0;
			defaultConfigurationName = Release;
		};
		8B4ED2D125BC92AF00485879 /* Build configuration list for PBXNativeTarget "Swift_CustomApp" */ = {
			isa = XCConfigurationList;
			buildConfigurations = (
				8B4ED2D225BC92AF00485879 /* Debug */,
				8B4ED2D325BC92AF00485879 /* Release */,
			);
			defaultConfigurationIsVisible = 0;
			defaultConfigurationName = Release;
		};
/* End XCConfigurationList section */
	};
	rootObject = 8B4ED2B525BC92AE00485879 /* Project object */;
}
