// !$*UTF8*$!
{
	archiveVersion = 1;
	classes = {
	};
	objectVersion = 51;
	objects = {

/* Begin PBXBuildFile section */
		0A1B9575265EBE7C00AB3CD6 /* PhotoCacheService.swift in Sources */ = {isa = PBXBuildFile; fileRef = 0A1B9574265EBE7C00AB3CD6 /* PhotoCacheService.swift */; };
		0A84E68F265583A300573796 /* NSOperation.swift in Sources */ = {isa = PBXBuildFile; fileRef = 0A84E68E265583A300573796 /* NSOperation.swift */; };
		0AD39A80264DCA720052721D /* NewsFeedAuthorTableViewCell.xib in Resources */ = {isa = PBXBuildFile; fileRef = 0AD39A7E264DCA720052721D /* NewsFeedAuthorTableViewCell.xib */; };
		0AD39A81264DCA720052721D /* NewsFeedAuthorTableViewCell.swift in Sources */ = {isa = PBXBuildFile; fileRef = 0AD39A7F264DCA720052721D /* NewsFeedAuthorTableViewCell.swift */; };
		0AD39A84264DCC850052721D /* NewsFeedTextTableViewCell.swift in Sources */ = {isa = PBXBuildFile; fileRef = 0AD39A82264DCC850052721D /* NewsFeedTextTableViewCell.swift */; };
		0AD39A85264DCC850052721D /* NewsFeedTextTableViewCell.xib in Resources */ = {isa = PBXBuildFile; fileRef = 0AD39A83264DCC850052721D /* NewsFeedTextTableViewCell.xib */; };
		0AD39A88264DCFB20052721D /* NewsFeedImagesTableViewCell.xib in Resources */ = {isa = PBXBuildFile; fileRef = 0AD39A86264DCFB20052721D /* NewsFeedImagesTableViewCell.xib */; };
		0AD39A89264DCFB20052721D /* NewsFeedImagesTableViewCell.swift in Sources */ = {isa = PBXBuildFile; fileRef = 0AD39A87264DCFB20052721D /* NewsFeedImagesTableViewCell.swift */; };
		0AD39A8C264DD29E0052721D /* NewsFeedFooterTableViewCell.swift in Sources */ = {isa = PBXBuildFile; fileRef = 0AD39A8A264DD29E0052721D /* NewsFeedFooterTableViewCell.swift */; };
		0AD39A8D264DD29E0052721D /* NewsFeedFooterTableViewCell.xib in Resources */ = {isa = PBXBuildFile; fileRef = 0AD39A8B264DD29E0052721D /* NewsFeedFooterTableViewCell.xib */; };
		3917BA3325C861B900C48FA6 /* FriendData.swift in Sources */ = {isa = PBXBuildFile; fileRef = 8B193BCA25C5B3110043AF16 /* FriendData.swift */; };
		391CB80225D598A800085064 /* PostData.swift in Sources */ = {isa = PBXBuildFile; fileRef = 391CB80125D598A800085064 /* PostData.swift */; };
		39255715262379F600ED0D59 /* SignInButton.swift in Sources */ = {isa = PBXBuildFile; fileRef = 39255714262379F600ED0D59 /* SignInButton.swift */; };
		392A7D6F25E58D8B007A6290 /* CustomPushAnimator.swift in Sources */ = {isa = PBXBuildFile; fileRef = 392A7D6E25E58D8B007A6290 /* CustomPushAnimator.swift */; };
		392A7D7325E58E59007A6290 /* CustomPopAnimator.swift in Sources */ = {isa = PBXBuildFile; fileRef = 392A7D7225E58E59007A6290 /* CustomPopAnimator.swift */; };
		392A7D7625E58F00007A6290 /* CustomNavigationController.swift in Sources */ = {isa = PBXBuildFile; fileRef = 392A7D7525E58F00007A6290 /* CustomNavigationController.swift */; };
		392A7D7B25E5AC27007A6290 /* CustomInteractiveTransition.swift in Sources */ = {isa = PBXBuildFile; fileRef = 392A7D7A25E5AC27007A6290 /* CustomInteractiveTransition.swift */; };
		39312D4E260146FB002997E0 /* Session.swift in Sources */ = {isa = PBXBuildFile; fileRef = 39312D4D260146FB002997E0 /* Session.swift */; };
		393766F025D4267B00FFB8D5 /* FriendSectionHeader.swift in Sources */ = {isa = PBXBuildFile; fileRef = 393766EF25D4267B00FFB8D5 /* FriendSectionHeader.swift */; };
		393766F325D4271200FFB8D5 /* FriendSectionHeader.xib in Resources */ = {isa = PBXBuildFile; fileRef = 393766F225D4271200FFB8D5 /* FriendSectionHeader.xib */; };
		393766F725D471D500FFB8D5 /* NewsFeedTableViewController.swift in Sources */ = {isa = PBXBuildFile; fileRef = 393766F625D471D500FFB8D5 /* NewsFeedTableViewController.swift */; };
		394E9F662603D99500895183 /* WebKit.framework in Frameworks */ = {isa = PBXBuildFile; fileRef = 394E9F652603D99500895183 /* WebKit.framework */; };
		394E9F692603DA7400895183 /* VKLoginWebViewController.swift in Sources */ = {isa = PBXBuildFile; fileRef = 394E9F682603DA7400895183 /* VKLoginWebViewController.swift */; };
		394E9F6F2603F29E00895183 /* NetworkManager.swift in Sources */ = {isa = PBXBuildFile; fileRef = 394E9F6E2603F29E00895183 /* NetworkManager.swift */; };
		3971559825CC8AA400470CED /* LikeControl.swift in Sources */ = {isa = PBXBuildFile; fileRef = 3971559725CC8AA400470CED /* LikeControl.swift */; };
		39723BD225D7E07900866D33 /* NewsFeedCollectionViewLayout.swift in Sources */ = {isa = PBXBuildFile; fileRef = 39723BD125D7E07900866D33 /* NewsFeedCollectionViewLayout.swift */; };
		397CD8C525CB3DB900432501 /* AvatarView.swift in Sources */ = {isa = PBXBuildFile; fileRef = 397CD8C425CB3DB900432501 /* AvatarView.swift */; };
		398AA3BB260A8459008B0F14 /* UsefulFunctions.swift in Sources */ = {isa = PBXBuildFile; fileRef = 398AA3BA260A8459008B0F14 /* UsefulFunctions.swift */; };
		3992149525E453570092E1E8 /* CloudLoaderIndicator.swift in Sources */ = {isa = PBXBuildFile; fileRef = 3992149425E453570092E1E8 /* CloudLoaderIndicator.swift */; };
		39AEA5ED25D83E8200384E1C /* NewsFeedImageCollectionViewCell.swift in Sources */ = {isa = PBXBuildFile; fileRef = 39AEA5EB25D83E8200384E1C /* NewsFeedImageCollectionViewCell.swift */; };
		39AEA5EE25D83E8200384E1C /* NewsFeedImageCollectionViewCell.xib in Resources */ = {isa = PBXBuildFile; fileRef = 39AEA5EC25D83E8200384E1C /* NewsFeedImageCollectionViewCell.xib */; };
		39B042E82609EC1A0006802A /* PhotosData.swift in Sources */ = {isa = PBXBuildFile; fileRef = 39B042E72609EC1A0006802A /* PhotosData.swift */; };
		39C00A7425E2B1CC008FFB25 /* PhotosCarouselCollectionViewController.swift in Sources */ = {isa = PBXBuildFile; fileRef = 39C00A7325E2B1CC008FFB25 /* PhotosCarouselCollectionViewController.swift */; };
		39C00A7925E2D035008FFB25 /* CarouselPhotoCollectionViewCell.swift in Sources */ = {isa = PBXBuildFile; fileRef = 39C00A7725E2D035008FFB25 /* CarouselPhotoCollectionViewCell.swift */; };
		39C00A7A25E2D035008FFB25 /* CarouselPhotoCollectionViewCell.xib in Resources */ = {isa = PBXBuildFile; fileRef = 39C00A7825E2D035008FFB25 /* CarouselPhotoCollectionViewCell.xib */; };
		39E66E7A26165CA70036C738 /* RealmManager.swift in Sources */ = {isa = PBXBuildFile; fileRef = 39E66E7926165CA70036C738 /* RealmManager.swift */; };
		39FE810C262366000058AD9D /* TextFieldWithImage.swift in Sources */ = {isa = PBXBuildFile; fileRef = 39FE810B262366000058AD9D /* TextFieldWithImage.swift */; };
		39FFA62C25DDB5CB003B7265 /* DotsLoadingIndicator.swift in Sources */ = {isa = PBXBuildFile; fileRef = 39FFA62B25DDB5CB003B7265 /* DotsLoadingIndicator.swift */; };
		8B193BC025C5AE200043AF16 /* FriendsTableViewCell.swift in Sources */ = {isa = PBXBuildFile; fileRef = 8B193BBE25C5AE200043AF16 /* FriendsTableViewCell.swift */; };
		8B193BC125C5AE200043AF16 /* FriendsTableViewCell.xib in Resources */ = {isa = PBXBuildFile; fileRef = 8B193BBF25C5AE200043AF16 /* FriendsTableViewCell.xib */; };
		8B193BCF25C5CBED0043AF16 /* FriendPhotoCollectionViewCell.swift in Sources */ = {isa = PBXBuildFile; fileRef = 8B193BCD25C5CBED0043AF16 /* FriendPhotoCollectionViewCell.swift */; };
		8B193BD025C5CBED0043AF16 /* FriendPhotoCollectionViewCell.xib in Resources */ = {isa = PBXBuildFile; fileRef = 8B193BCE25C5CBED0043AF16 /* FriendPhotoCollectionViewCell.xib */; };
		8B193BD325C5CDE10043AF16 /* FriendPhotosCollectionViewController.swift in Sources */ = {isa = PBXBuildFile; fileRef = 8B193BD225C5CDE10043AF16 /* FriendPhotosCollectionViewController.swift */; };
		8B193BD825C5E8290043AF16 /* GroupsTableViewCell.swift in Sources */ = {isa = PBXBuildFile; fileRef = 8B193BD625C5E8290043AF16 /* GroupsTableViewCell.swift */; };
		8B193BD925C5E8290043AF16 /* GroupsTableViewCell.xib in Resources */ = {isa = PBXBuildFile; fileRef = 8B193BD725C5E8290043AF16 /* GroupsTableViewCell.xib */; };
		8B193BDC25C5E8A60043AF16 /* GroupsTableViewController.swift in Sources */ = {isa = PBXBuildFile; fileRef = 8B193BDB25C5E8A60043AF16 /* GroupsTableViewController.swift */; };
		8B193BDF25C5E8C90043AF16 /* SearchGroupTableViewController.swift in Sources */ = {isa = PBXBuildFile; fileRef = 8B193BDE25C5E8C90043AF16 /* SearchGroupTableViewController.swift */; };
		8B193BE225C5FFD50043AF16 /* GroupData.swift in Sources */ = {isa = PBXBuildFile; fileRef = 8B193BE125C5FFD50043AF16 /* GroupData.swift */; };
		8B4ED2C125BC92AE00485879 /* AppDelegate.swift in Sources */ = {isa = PBXBuildFile; fileRef = 8B4ED2C025BC92AE00485879 /* AppDelegate.swift */; };
		8B4ED2C825BC92AE00485879 /* Main.storyboard in Resources */ = {isa = PBXBuildFile; fileRef = 8B4ED2C625BC92AE00485879 /* Main.storyboard */; };
		8B4ED2CA25BC92AF00485879 /* Assets.xcassets in Resources */ = {isa = PBXBuildFile; fileRef = 8B4ED2C925BC92AF00485879 /* Assets.xcassets */; };
		8B4ED2CD25BC92AF00485879 /* LaunchScreen.storyboard in Resources */ = {isa = PBXBuildFile; fileRef = 8B4ED2CB25BC92AF00485879 /* LaunchScreen.storyboard */; };
		8B4ED2D825BC93A800485879 /* LoginFormController.swift in Sources */ = {isa = PBXBuildFile; fileRef = 8B4ED2D725BC93A800485879 /* LoginFormController.swift */; };
		8B765CA925C1C2E40079984A /* FriendsTableViewController.swift in Sources */ = {isa = PBXBuildFile; fileRef = 8B765CA825C1C2E40079984A /* FriendsTableViewController.swift */; };
		90C35D40CA3704D944C4CA52 /* Pods_Swift_CustomApp.framework in Frameworks */ = {isa = PBXBuildFile; fileRef = F54675FF79E537326983F5B9 /* Pods_Swift_CustomApp.framework */; };
/* End PBXBuildFile section */

/* Begin PBXFileReference section */
		0A1B9574265EBE7C00AB3CD6 /* PhotoCacheService.swift */ = {isa = PBXFileReference; lastKnownFileType = sourcecode.swift; path = PhotoCacheService.swift; sourceTree = "<group>"; };
		0A84E68E265583A300573796 /* NSOperation.swift */ = {isa = PBXFileReference; lastKnownFileType = sourcecode.swift; path = NSOperation.swift; sourceTree = "<group>"; };
		0AD39A7E264DCA720052721D /* NewsFeedAuthorTableViewCell.xib */ = {isa = PBXFileReference; fileEncoding = 4; lastKnownFileType = file.xib; path = NewsFeedAuthorTableViewCell.xib; sourceTree = "<group>"; };
		0AD39A7F264DCA720052721D /* NewsFeedAuthorTableViewCell.swift */ = {isa = PBXFileReference; fileEncoding = 4; lastKnownFileType = sourcecode.swift; path = NewsFeedAuthorTableViewCell.swift; sourceTree = "<group>"; };
		0AD39A82264DCC850052721D /* NewsFeedTextTableViewCell.swift */ = {isa = PBXFileReference; fileEncoding = 4; lastKnownFileType = sourcecode.swift; path = NewsFeedTextTableViewCell.swift; sourceTree = "<group>"; };
		0AD39A83264DCC850052721D /* NewsFeedTextTableViewCell.xib */ = {isa = PBXFileReference; fileEncoding = 4; lastKnownFileType = file.xib; path = NewsFeedTextTableViewCell.xib; sourceTree = "<group>"; };
		0AD39A86264DCFB20052721D /* NewsFeedImagesTableViewCell.xib */ = {isa = PBXFileReference; fileEncoding = 4; lastKnownFileType = file.xib; path = NewsFeedImagesTableViewCell.xib; sourceTree = "<group>"; };
		0AD39A87264DCFB20052721D /* NewsFeedImagesTableViewCell.swift */ = {isa = PBXFileReference; fileEncoding = 4; lastKnownFileType = sourcecode.swift; path = NewsFeedImagesTableViewCell.swift; sourceTree = "<group>"; };
		0AD39A8A264DD29E0052721D /* NewsFeedFooterTableViewCell.swift */ = {isa = PBXFileReference; fileEncoding = 4; lastKnownFileType = sourcecode.swift; path = NewsFeedFooterTableViewCell.swift; sourceTree = "<group>"; };
		0AD39A8B264DD29E0052721D /* NewsFeedFooterTableViewCell.xib */ = {isa = PBXFileReference; fileEncoding = 4; lastKnownFileType = file.xib; path = NewsFeedFooterTableViewCell.xib; sourceTree = "<group>"; };
		2C34517722B321A4400109A4 /* Pods-Swift_CustomApp.debug.xcconfig */ = {isa = PBXFileReference; includeInIndex = 1; lastKnownFileType = text.xcconfig; name = "Pods-Swift_CustomApp.debug.xcconfig"; path = "Target Support Files/Pods-Swift_CustomApp/Pods-Swift_CustomApp.debug.xcconfig"; sourceTree = "<group>"; };
		391CB80125D598A800085064 /* PostData.swift */ = {isa = PBXFileReference; lastKnownFileType = sourcecode.swift; path = PostData.swift; sourceTree = "<group>"; };
		39255714262379F600ED0D59 /* SignInButton.swift */ = {isa = PBXFileReference; lastKnownFileType = sourcecode.swift; path = SignInButton.swift; sourceTree = "<group>"; };
		392A7D6E25E58D8B007A6290 /* CustomPushAnimator.swift */ = {isa = PBXFileReference; lastKnownFileType = sourcecode.swift; path = CustomPushAnimator.swift; sourceTree = "<group>"; };
		392A7D7225E58E59007A6290 /* CustomPopAnimator.swift */ = {isa = PBXFileReference; lastKnownFileType = sourcecode.swift; path = CustomPopAnimator.swift; sourceTree = "<group>"; };
		392A7D7525E58F00007A6290 /* CustomNavigationController.swift */ = {isa = PBXFileReference; lastKnownFileType = sourcecode.swift; path = CustomNavigationController.swift; sourceTree = "<group>"; };
		392A7D7A25E5AC27007A6290 /* CustomInteractiveTransition.swift */ = {isa = PBXFileReference; lastKnownFileType = sourcecode.swift; path = CustomInteractiveTransition.swift; sourceTree = "<group>"; };
		39312D4D260146FB002997E0 /* Session.swift */ = {isa = PBXFileReference; lastKnownFileType = sourcecode.swift; path = Session.swift; sourceTree = "<group>"; };
		393766EF25D4267B00FFB8D5 /* FriendSectionHeader.swift */ = {isa = PBXFileReference; lastKnownFileType = sourcecode.swift; path = FriendSectionHeader.swift; sourceTree = "<group>"; };
		393766F225D4271200FFB8D5 /* FriendSectionHeader.xib */ = {isa = PBXFileReference; lastKnownFileType = file.xib; path = FriendSectionHeader.xib; sourceTree = "<group>"; };
		393766F625D471D500FFB8D5 /* NewsFeedTableViewController.swift */ = {isa = PBXFileReference; lastKnownFileType = sourcecode.swift; path = NewsFeedTableViewController.swift; sourceTree = "<group>"; };
		394E9F652603D99500895183 /* WebKit.framework */ = {isa = PBXFileReference; lastKnownFileType = wrapper.framework; name = WebKit.framework; path = System/Library/Frameworks/WebKit.framework; sourceTree = SDKROOT; };
		394E9F682603DA7400895183 /* VKLoginWebViewController.swift */ = {isa = PBXFileReference; lastKnownFileType = sourcecode.swift; path = VKLoginWebViewController.swift; sourceTree = "<group>"; };
		394E9F6E2603F29E00895183 /* NetworkManager.swift */ = {isa = PBXFileReference; lastKnownFileType = sourcecode.swift; path = NetworkManager.swift; sourceTree = "<group>"; };
		3971559725CC8AA400470CED /* LikeControl.swift */ = {isa = PBXFileReference; lastKnownFileType = sourcecode.swift; path = LikeControl.swift; sourceTree = "<group>"; };
		39723BD125D7E07900866D33 /* NewsFeedCollectionViewLayout.swift */ = {isa = PBXFileReference; lastKnownFileType = sourcecode.swift; path = NewsFeedCollectionViewLayout.swift; sourceTree = "<group>"; };
		397CD8C425CB3DB900432501 /* AvatarView.swift */ = {isa = PBXFileReference; lastKnownFileType = sourcecode.swift; path = AvatarView.swift; sourceTree = "<group>"; };
		398AA3BA260A8459008B0F14 /* UsefulFunctions.swift */ = {isa = PBXFileReference; lastKnownFileType = sourcecode.swift; path = UsefulFunctions.swift; sourceTree = "<group>"; };
		3992149425E453570092E1E8 /* CloudLoaderIndicator.swift */ = {isa = PBXFileReference; lastKnownFileType = sourcecode.swift; path = CloudLoaderIndicator.swift; sourceTree = "<group>"; };
		39AEA5EB25D83E8200384E1C /* NewsFeedImageCollectionViewCell.swift */ = {isa = PBXFileReference; lastKnownFileType = sourcecode.swift; path = NewsFeedImageCollectionViewCell.swift; sourceTree = "<group>"; };
		39AEA5EC25D83E8200384E1C /* NewsFeedImageCollectionViewCell.xib */ = {isa = PBXFileReference; lastKnownFileType = file.xib; path = NewsFeedImageCollectionViewCell.xib; sourceTree = "<group>"; };
		39B042E72609EC1A0006802A /* PhotosData.swift */ = {isa = PBXFileReference; lastKnownFileType = sourcecode.swift; path = PhotosData.swift; sourceTree = "<group>"; };
		39C00A7325E2B1CC008FFB25 /* PhotosCarouselCollectionViewController.swift */ = {isa = PBXFileReference; lastKnownFileType = sourcecode.swift; path = PhotosCarouselCollectionViewController.swift; sourceTree = "<group>"; };
		39C00A7725E2D035008FFB25 /* CarouselPhotoCollectionViewCell.swift */ = {isa = PBXFileReference; lastKnownFileType = sourcecode.swift; path = CarouselPhotoCollectionViewCell.swift; sourceTree = "<group>"; };
		39C00A7825E2D035008FFB25 /* CarouselPhotoCollectionViewCell.xib */ = {isa = PBXFileReference; lastKnownFileType = file.xib; path = CarouselPhotoCollectionViewCell.xib; sourceTree = "<group>"; };
		39E66E7926165CA70036C738 /* RealmManager.swift */ = {isa = PBXFileReference; lastKnownFileType = sourcecode.swift; path = RealmManager.swift; sourceTree = "<group>"; };
		39FE810B262366000058AD9D /* TextFieldWithImage.swift */ = {isa = PBXFileReference; lastKnownFileType = sourcecode.swift; path = TextFieldWithImage.swift; sourceTree = "<group>"; };
		39FFA62B25DDB5CB003B7265 /* DotsLoadingIndicator.swift */ = {isa = PBXFileReference; lastKnownFileType = sourcecode.swift; path = DotsLoadingIndicator.swift; sourceTree = "<group>"; };
		5AA4795B742FB570B9B06AFD /* Pods-Swift_CustomApp.release.xcconfig */ = {isa = PBXFileReference; includeInIndex = 1; lastKnownFileType = text.xcconfig; name = "Pods-Swift_CustomApp.release.xcconfig"; path = "Target Support Files/Pods-Swift_CustomApp/Pods-Swift_CustomApp.release.xcconfig"; sourceTree = "<group>"; };
		8B193BBE25C5AE200043AF16 /* FriendsTableViewCell.swift */ = {isa = PBXFileReference; lastKnownFileType = sourcecode.swift; path = FriendsTableViewCell.swift; sourceTree = "<group>"; };
		8B193BBF25C5AE200043AF16 /* FriendsTableViewCell.xib */ = {isa = PBXFileReference; lastKnownFileType = file.xib; path = FriendsTableViewCell.xib; sourceTree = "<group>"; };
		8B193BCA25C5B3110043AF16 /* FriendData.swift */ = {isa = PBXFileReference; lastKnownFileType = sourcecode.swift; path = FriendData.swift; sourceTree = "<group>"; };
		8B193BCD25C5CBED0043AF16 /* FriendPhotoCollectionViewCell.swift */ = {isa = PBXFileReference; lastKnownFileType = sourcecode.swift; path = FriendPhotoCollectionViewCell.swift; sourceTree = "<group>"; };
		8B193BCE25C5CBED0043AF16 /* FriendPhotoCollectionViewCell.xib */ = {isa = PBXFileReference; lastKnownFileType = file.xib; path = FriendPhotoCollectionViewCell.xib; sourceTree = "<group>"; };
		8B193BD225C5CDE10043AF16 /* FriendPhotosCollectionViewController.swift */ = {isa = PBXFileReference; lastKnownFileType = sourcecode.swift; path = FriendPhotosCollectionViewController.swift; sourceTree = "<group>"; };
		8B193BD625C5E8290043AF16 /* GroupsTableViewCell.swift */ = {isa = PBXFileReference; lastKnownFileType = sourcecode.swift; path = GroupsTableViewCell.swift; sourceTree = "<group>"; };
		8B193BD725C5E8290043AF16 /* GroupsTableViewCell.xib */ = {isa = PBXFileReference; lastKnownFileType = file.xib; path = GroupsTableViewCell.xib; sourceTree = "<group>"; };
		8B193BDB25C5E8A60043AF16 /* GroupsTableViewController.swift */ = {isa = PBXFileReference; lastKnownFileType = sourcecode.swift; path = GroupsTableViewController.swift; sourceTree = "<group>"; };
		8B193BDE25C5E8C90043AF16 /* SearchGroupTableViewController.swift */ = {isa = PBXFileReference; lastKnownFileType = sourcecode.swift; path = SearchGroupTableViewController.swift; sourceTree = "<group>"; };
		8B193BE125C5FFD50043AF16 /* GroupData.swift */ = {isa = PBXFileReference; lastKnownFileType = sourcecode.swift; path = GroupData.swift; sourceTree = "<group>"; };
		8B4ED2BD25BC92AE00485879 /* Swift_CustomApp.app */ = {isa = PBXFileReference; explicitFileType = wrapper.application; includeInIndex = 0; path = Swift_CustomApp.app; sourceTree = BUILT_PRODUCTS_DIR; };
		8B4ED2C025BC92AE00485879 /* AppDelegate.swift */ = {isa = PBXFileReference; lastKnownFileType = sourcecode.swift; path = AppDelegate.swift; sourceTree = "<group>"; };
		8B4ED2C725BC92AE00485879 /* Base */ = {isa = PBXFileReference; lastKnownFileType = file.storyboard; name = Base; path = Base.lproj/Main.storyboard; sourceTree = "<group>"; };
		8B4ED2C925BC92AF00485879 /* Assets.xcassets */ = {isa = PBXFileReference; lastKnownFileType = folder.assetcatalog; path = Assets.xcassets; sourceTree = "<group>"; };
		8B4ED2CC25BC92AF00485879 /* Base */ = {isa = PBXFileReference; lastKnownFileType = file.storyboard; name = Base; path = Base.lproj/LaunchScreen.storyboard; sourceTree = "<group>"; };
		8B4ED2CE25BC92AF00485879 /* Info.plist */ = {isa = PBXFileReference; lastKnownFileType = text.plist.xml; path = Info.plist; sourceTree = "<group>"; };
		8B4ED2D725BC93A800485879 /* LoginFormController.swift */ = {isa = PBXFileReference; lastKnownFileType = sourcecode.swift; path = LoginFormController.swift; sourceTree = "<group>"; };
		8B765CA825C1C2E40079984A /* FriendsTableViewController.swift */ = {isa = PBXFileReference; lastKnownFileType = sourcecode.swift; path = FriendsTableViewController.swift; sourceTree = "<group>"; };
		F54675FF79E537326983F5B9 /* Pods_Swift_CustomApp.framework */ = {isa = PBXFileReference; explicitFileType = wrapper.framework; includeInIndex = 0; path = Pods_Swift_CustomApp.framework; sourceTree = BUILT_PRODUCTS_DIR; };
/* End PBXFileReference section */

/* Begin PBXFrameworksBuildPhase section */
		8B4ED2BA25BC92AE00485879 /* Frameworks */ = {
			isa = PBXFrameworksBuildPhase;
			buildActionMask = 2147483647;
			files = (
				394E9F662603D99500895183 /* WebKit.framework in Frameworks */,
				90C35D40CA3704D944C4CA52 /* Pods_Swift_CustomApp.framework in Frameworks */,
			);
			runOnlyForDeploymentPostprocessing = 0;
		};
/* End PBXFrameworksBuildPhase section */

/* Begin PBXGroup section */
		0A1B9573265EBE1400AB3CD6 /* CacheService */ = {
			isa = PBXGroup;
			children = (
				0A1B9574265EBE7C00AB3CD6 /* PhotoCacheService.swift */,
			);
			path = CacheService;
			sourceTree = "<group>";
		};
		0A4B705E264DB82B00C03B74 /* NewsFeed */ = {
			isa = PBXGroup;
			children = (
				0AD39A7F264DCA720052721D /* NewsFeedAuthorTableViewCell.swift */,
				0AD39A7E264DCA720052721D /* NewsFeedAuthorTableViewCell.xib */,
				0AD39A82264DCC850052721D /* NewsFeedTextTableViewCell.swift */,
				0AD39A83264DCC850052721D /* NewsFeedTextTableViewCell.xib */,
				0AD39A87264DCFB20052721D /* NewsFeedImagesTableViewCell.swift */,
				0AD39A86264DCFB20052721D /* NewsFeedImagesTableViewCell.xib */,
				39AEA5EB25D83E8200384E1C /* NewsFeedImageCollectionViewCell.swift */,
				39AEA5EC25D83E8200384E1C /* NewsFeedImageCollectionViewCell.xib */,
				0AD39A8A264DD29E0052721D /* NewsFeedFooterTableViewCell.swift */,
				0AD39A8B264DD29E0052721D /* NewsFeedFooterTableViewCell.xib */,
			);
			path = NewsFeed;
			sourceTree = "<group>";
		};
		0A84E68D2655834F00573796 /* Parallel */ = {
			isa = PBXGroup;
			children = (
				0A84E68E265583A300573796 /* NSOperation.swift */,
			);
			path = Parallel;
			sourceTree = "<group>";
		};
		392A7D6D25E58D38007A6290 /* NavigationTransitions */ = {
			isa = PBXGroup;
			children = (
				392A7D7525E58F00007A6290 /* CustomNavigationController.swift */,
				392A7D6E25E58D8B007A6290 /* CustomPushAnimator.swift */,
				392A7D7225E58E59007A6290 /* CustomPopAnimator.swift */,
			);
			path = NavigationTransitions;
			sourceTree = "<group>";
		};
		392A7D7925E5ABFF007A6290 /* InteractiveTransition */ = {
			isa = PBXGroup;
			children = (
				392A7D7A25E5AC27007A6290 /* CustomInteractiveTransition.swift */,
			);
			path = InteractiveTransition;
			sourceTree = "<group>";
		};
		39312D4C260146D9002997E0 /* Network */ = {
			isa = PBXGroup;
			children = (
				39312D4D260146FB002997E0 /* Session.swift */,
				394E9F6E2603F29E00895183 /* NetworkManager.swift */,
			);
			path = Network;
			sourceTree = "<group>";
		};
		393766EE25D4264600FFB8D5 /* Headers */ = {
			isa = PBXGroup;
			children = (
				393766EF25D4267B00FFB8D5 /* FriendSectionHeader.swift */,
				393766F225D4271200FFB8D5 /* FriendSectionHeader.xib */,
			);
			path = Headers;
			sourceTree = "<group>";
		};
		394E9F642603D99500895183 /* Frameworks */ = {
			isa = PBXGroup;
			children = (
				394E9F652603D99500895183 /* WebKit.framework */,
				F54675FF79E537326983F5B9 /* Pods_Swift_CustomApp.framework */,
			);
			name = Frameworks;
			sourceTree = "<group>";
		};
		398F8B532621C503000107E8 /* CustomLayouts */ = {
			isa = PBXGroup;
			children = (
				39723BD125D7E07900866D33 /* NewsFeedCollectionViewLayout.swift */,
			);
			path = CustomLayouts;
			sourceTree = "<group>";
		};
		39CCFB612604C0A90031D326 /* UI */ = {
			isa = PBXGroup;
			children = (
				39EB3EE2261F838C00DA36DD /* Screens */,
				8B193BB525C5AC850043AF16 /* Cells */,
				393766EE25D4264600FFB8D5 /* Headers */,
				398F8B532621C503000107E8 /* CustomLayouts */,
				392A7D6D25E58D38007A6290 /* NavigationTransitions */,
				392A7D7925E5ABFF007A6290 /* InteractiveTransition */,
				39CCFB622604C11A0031D326 /* CustomItems */,
			);
			path = UI;
			sourceTree = "<group>";
		};
		39CCFB622604C11A0031D326 /* CustomItems */ = {
			isa = PBXGroup;
			children = (
				397CD8C425CB3DB900432501 /* AvatarView.swift */,
				3971559725CC8AA400470CED /* LikeControl.swift */,
				39FFA62B25DDB5CB003B7265 /* DotsLoadingIndicator.swift */,
				3992149425E453570092E1E8 /* CloudLoaderIndicator.swift */,
				39FE810B262366000058AD9D /* TextFieldWithImage.swift */,
				39255714262379F600ED0D59 /* SignInButton.swift */,
			);
			path = CustomItems;
			sourceTree = "<group>";
		};
		39E66E7826165C850036C738 /* Realm */ = {
			isa = PBXGroup;
			children = (
				39E66E7926165CA70036C738 /* RealmManager.swift */,
			);
			path = Realm;
			sourceTree = "<group>";
		};
		39EB3EE2261F838C00DA36DD /* Screens */ = {
			isa = PBXGroup;
			children = (
				8B4ED2D725BC93A800485879 /* LoginFormController.swift */,
				394E9F682603DA7400895183 /* VKLoginWebViewController.swift */,
				8B765CA825C1C2E40079984A /* FriendsTableViewController.swift */,
				8B193BD225C5CDE10043AF16 /* FriendPhotosCollectionViewController.swift */,
				39C00A7325E2B1CC008FFB25 /* PhotosCarouselCollectionViewController.swift */,
				8B193BDB25C5E8A60043AF16 /* GroupsTableViewController.swift */,
				8B193BDE25C5E8C90043AF16 /* SearchGroupTableViewController.swift */,
				393766F625D471D500FFB8D5 /* NewsFeedTableViewController.swift */,
			);
			path = Screens;
			sourceTree = "<group>";
		};
		8B193BB525C5AC850043AF16 /* Cells */ = {
			isa = PBXGroup;
			children = (
				0A4B705E264DB82B00C03B74 /* NewsFeed */,
				8B193BBE25C5AE200043AF16 /* FriendsTableViewCell.swift */,
				8B193BBF25C5AE200043AF16 /* FriendsTableViewCell.xib */,
				8B193BCD25C5CBED0043AF16 /* FriendPhotoCollectionViewCell.swift */,
				8B193BCE25C5CBED0043AF16 /* FriendPhotoCollectionViewCell.xib */,
				39C00A7725E2D035008FFB25 /* CarouselPhotoCollectionViewCell.swift */,
				39C00A7825E2D035008FFB25 /* CarouselPhotoCollectionViewCell.xib */,
				8B193BD625C5E8290043AF16 /* GroupsTableViewCell.swift */,
				8B193BD725C5E8290043AF16 /* GroupsTableViewCell.xib */,
			);
			path = Cells;
			sourceTree = "<group>";
		};
		8B193BC325C5AF6A0043AF16 /* Model */ = {
			isa = PBXGroup;
			children = (
				8B193BCA25C5B3110043AF16 /* FriendData.swift */,
				8B193BE125C5FFD50043AF16 /* GroupData.swift */,
				39B042E72609EC1A0006802A /* PhotosData.swift */,
				391CB80125D598A800085064 /* PostData.swift */,
			);
			path = Model;
			sourceTree = "<group>";
		};
		8B4ED2B425BC92AE00485879 = {
			isa = PBXGroup;
			children = (
				39CCFB612604C0A90031D326 /* UI */,
				0A84E68D2655834F00573796 /* Parallel */,
				39E66E7826165C850036C738 /* Realm */,
				39312D4C260146D9002997E0 /* Network */,
				0A1B9573265EBE1400AB3CD6 /* CacheService */,
				8B193BC325C5AF6A0043AF16 /* Model */,
				8B4ED2BF25BC92AE00485879 /* Swift_CustomApp */,
				8B4ED2BE25BC92AE00485879 /* Products */,
				394E9F642603D99500895183 /* Frameworks */,
				DF6382806A5BEB60A44DAD7A /* Pods */,
			);
			sourceTree = "<group>";
		};
		8B4ED2BE25BC92AE00485879 /* Products */ = {
			isa = PBXGroup;
			children = (
				8B4ED2BD25BC92AE00485879 /* Swift_CustomApp.app */,
			);
			name = Products;
			sourceTree = "<group>";
		};
		8B4ED2BF25BC92AE00485879 /* Swift_CustomApp */ = {
			isa = PBXGroup;
			children = (
				8B4ED2C025BC92AE00485879 /* AppDelegate.swift */,
				8B4ED2C625BC92AE00485879 /* Main.storyboard */,
				8B4ED2C925BC92AF00485879 /* Assets.xcassets */,
				8B4ED2CB25BC92AF00485879 /* LaunchScreen.storyboard */,
				8B4ED2CE25BC92AF00485879 /* Info.plist */,
				398AA3BA260A8459008B0F14 /* UsefulFunctions.swift */,
			);
			path = Swift_CustomApp;
			sourceTree = "<group>";
		};
		DF6382806A5BEB60A44DAD7A /* Pods */ = {
			isa = PBXGroup;
			children = (
				2C34517722B321A4400109A4 /* Pods-Swift_CustomApp.debug.xcconfig */,
				5AA4795B742FB570B9B06AFD /* Pods-Swift_CustomApp.release.xcconfig */,
			);
			path = Pods;
			sourceTree = "<group>";
		};
/* End PBXGroup section */

/* Begin PBXNativeTarget section */
		8B4ED2BC25BC92AE00485879 /* Swift_CustomApp */ = {
			isa = PBXNativeTarget;
			buildConfigurationList = 8B4ED2D125BC92AF00485879 /* Build configuration list for PBXNativeTarget "Swift_CustomApp" */;
			buildPhases = (
				A26349906DD2ECD9076A0D9A /* [CP] Check Pods Manifest.lock */,
				8B4ED2B925BC92AE00485879 /* Sources */,
				8B4ED2BA25BC92AE00485879 /* Frameworks */,
				8B4ED2BB25BC92AE00485879 /* Resources */,
				FBF25D8FBF46049D2744A811 /* [CP] Embed Pods Frameworks */,
			);
			buildRules = (
			);
			dependencies = (
			);
			name = Swift_CustomApp;
			productName = Swift_CustomApp;
			productReference = 8B4ED2BD25BC92AE00485879 /* Swift_CustomApp.app */;
			productType = "com.apple.product-type.application";
		};
/* End PBXNativeTarget section */

/* Begin PBXProject section */
		8B4ED2B525BC92AE00485879 /* Project object */ = {
			isa = PBXProject;
			attributes = {
				LastSwiftUpdateCheck = 1230;
				LastUpgradeCheck = 1230;
				TargetAttributes = {
					8B4ED2BC25BC92AE00485879 = {
						CreatedOnToolsVersion = 12.3;
					};
				};
			};
			buildConfigurationList = 8B4ED2B825BC92AE00485879 /* Build configuration list for PBXProject "Swift_CustomApp" */;
			compatibilityVersion = "Xcode 9.3";
			developmentRegion = en;
			hasScannedForEncodings = 0;
			knownRegions = (
				en,
				Base,
			);
			mainGroup = 8B4ED2B425BC92AE00485879;
			productRefGroup = 8B4ED2BE25BC92AE00485879 /* Products */;
			projectDirPath = "";
			projectRoot = "";
			targets = (
				8B4ED2BC25BC92AE00485879 /* Swift_CustomApp */,
			);
		};
/* End PBXProject section */

/* Begin PBXResourcesBuildPhase section */
		8B4ED2BB25BC92AE00485879 /* Resources */ = {
			isa = PBXResourcesBuildPhase;
			buildActionMask = 2147483647;
			files = (
				8B193BD025C5CBED0043AF16 /* FriendPhotoCollectionViewCell.xib in Resources */,
				39C00A7A25E2D035008FFB25 /* CarouselPhotoCollectionViewCell.xib in Resources */,
				8B4ED2CD25BC92AF00485879 /* LaunchScreen.storyboard in Resources */,
				8B4ED2CA25BC92AF00485879 /* Assets.xcassets in Resources */,
				8B193BD925C5E8290043AF16 /* GroupsTableViewCell.xib in Resources */,
				39AEA5EE25D83E8200384E1C /* NewsFeedImageCollectionViewCell.xib in Resources */,
				393766F325D4271200FFB8D5 /* FriendSectionHeader.xib in Resources */,
				0AD39A8D264DD29E0052721D /* NewsFeedFooterTableViewCell.xib in Resources */,
				0AD39A80264DCA720052721D /* NewsFeedAuthorTableViewCell.xib in Resources */,
				8B4ED2C825BC92AE00485879 /* Main.storyboard in Resources */,
				0AD39A88264DCFB20052721D /* NewsFeedImagesTableViewCell.xib in Resources */,
				8B193BC125C5AE200043AF16 /* FriendsTableViewCell.xib in Resources */,
				0AD39A85264DCC850052721D /* NewsFeedTextTableViewCell.xib in Resources */,
			);
			runOnlyForDeploymentPostprocessing = 0;
		};
/* End PBXResourcesBuildPhase section */

/* Begin PBXShellScriptBuildPhase section */
		A26349906DD2ECD9076A0D9A /* [CP] Check Pods Manifest.lock */ = {
			isa = PBXShellScriptBuildPhase;
			buildActionMask = 2147483647;
			files = (
			);
			inputFileListPaths = (
			);
			inputPaths = (
				"${PODS_PODFILE_DIR_PATH}/Podfile.lock",
				"${PODS_ROOT}/Manifest.lock",
			);
			name = "[CP] Check Pods Manifest.lock";
			outputFileListPaths = (
			);
			outputPaths = (
				"$(DERIVED_FILE_DIR)/Pods-Swift_CustomApp-checkManifestLockResult.txt",
			);
			runOnlyForDeploymentPostprocessing = 0;
			shellPath = /bin/sh;
			shellScript = "diff \"${PODS_PODFILE_DIR_PATH}/Podfile.lock\" \"${PODS_ROOT}/Manifest.lock\" > /dev/null\nif [ $? != 0 ] ; then\n    # print error to STDERR\n    echo \"error: The sandbox is not in sync with the Podfile.lock. Run 'pod install' or update your CocoaPods installation.\" >&2\n    exit 1\nfi\n# This output is used by Xcode 'outputs' to avoid re-running this script phase.\necho \"SUCCESS\" > \"${SCRIPT_OUTPUT_FILE_0}\"\n";
			showEnvVarsInLog = 0;
		};
		FBF25D8FBF46049D2744A811 /* [CP] Embed Pods Frameworks */ = {
			isa = PBXShellScriptBuildPhase;
			buildActionMask = 2147483647;
			files = (
			);
			inputFileListPaths = (
				"${PODS_ROOT}/Target Support Files/Pods-Swift_CustomApp/Pods-Swift_CustomApp-frameworks-${CONFIGURATION}-input-files.xcfilelist",
			);
			name = "[CP] Embed Pods Frameworks";
			outputFileListPaths = (
				"${PODS_ROOT}/Target Support Files/Pods-Swift_CustomApp/Pods-Swift_CustomApp-frameworks-${CONFIGURATION}-output-files.xcfilelist",
			);
			runOnlyForDeploymentPostprocessing = 0;
			shellPath = /bin/sh;
			shellScript = "\"${PODS_ROOT}/Target Support Files/Pods-Swift_CustomApp/Pods-Swift_CustomApp-frameworks.sh\"\n";
			showEnvVarsInLog = 0;
		};
/* End PBXShellScriptBuildPhase section */

/* Begin PBXSourcesBuildPhase section */
		8B4ED2B925BC92AE00485879 /* Sources */ = {
			isa = PBXSourcesBuildPhase;
			buildActionMask = 2147483647;
			files = (
				39255715262379F600ED0D59 /* SignInButton.swift in Sources */,
				39312D4E260146FB002997E0 /* Session.swift in Sources */,
				3992149525E453570092E1E8 /* CloudLoaderIndicator.swift in Sources */,
				39E66E7A26165CA70036C738 /* RealmManager.swift in Sources */,
				39FE810C262366000058AD9D /* TextFieldWithImage.swift in Sources */,
				8B193BE225C5FFD50043AF16 /* GroupData.swift in Sources */,
				39C00A7925E2D035008FFB25 /* CarouselPhotoCollectionViewCell.swift in Sources */,
				397CD8C525CB3DB900432501 /* AvatarView.swift in Sources */,
				39FFA62C25DDB5CB003B7265 /* DotsLoadingIndicator.swift in Sources */,
				39C00A7425E2B1CC008FFB25 /* PhotosCarouselCollectionViewController.swift in Sources */,
				8B193BDC25C5E8A60043AF16 /* GroupsTableViewController.swift in Sources */,
				3917BA3325C861B900C48FA6 /* FriendData.swift in Sources */,
				392A7D6F25E58D8B007A6290 /* CustomPushAnimator.swift in Sources */,
				391CB80225D598A800085064 /* PostData.swift in Sources */,
				394E9F6F2603F29E00895183 /* NetworkManager.swift in Sources */,
				8B193BCF25C5CBED0043AF16 /* FriendPhotoCollectionViewCell.swift in Sources */,
				0AD39A84264DCC850052721D /* NewsFeedTextTableViewCell.swift in Sources */,
				392A7D7625E58F00007A6290 /* CustomNavigationController.swift in Sources */,
				39AEA5ED25D83E8200384E1C /* NewsFeedImageCollectionViewCell.swift in Sources */,
				0A84E68F265583A300573796 /* NSOperation.swift in Sources */,
				392A7D7B25E5AC27007A6290 /* CustomInteractiveTransition.swift in Sources */,
				8B193BD825C5E8290043AF16 /* GroupsTableViewCell.swift in Sources */,
				0AD39A81264DCA720052721D /* NewsFeedAuthorTableViewCell.swift in Sources */,
				8B4ED2D825BC93A800485879 /* LoginFormController.swift in Sources */,
				8B193BDF25C5E8C90043AF16 /* SearchGroupTableViewController.swift in Sources */,
				0A1B9575265EBE7C00AB3CD6 /* PhotoCacheService.swift in Sources */,
				39723BD225D7E07900866D33 /* NewsFeedCollectionViewLayout.swift in Sources */,
				394E9F692603DA7400895183 /* VKLoginWebViewController.swift in Sources */,
				393766F725D471D500FFB8D5 /* NewsFeedTableViewController.swift in Sources */,
				0AD39A8C264DD29E0052721D /* NewsFeedFooterTableViewCell.swift in Sources */,
				393766F025D4267B00FFB8D5 /* FriendSectionHeader.swift in Sources */,
				8B193BD325C5CDE10043AF16 /* FriendPhotosCollectionViewController.swift in Sources */,
				3971559825CC8AA400470CED /* LikeControl.swift in Sources */,
				8B765CA925C1C2E40079984A /* FriendsTableViewController.swift in Sources */,
				39B042E82609EC1A0006802A /* PhotosData.swift in Sources */,
				8B4ED2C125BC92AE00485879 /* AppDelegate.swift in Sources */,
				398AA3BB260A8459008B0F14 /* UsefulFunctions.swift in Sources */,
				392A7D7325E58E59007A6290 /* CustomPopAnimator.swift in Sources */,
				0AD39A89264DCFB20052721D /* NewsFeedImagesTableViewCell.swift in Sources */,
				8B193BC025C5AE200043AF16 /* FriendsTableViewCell.swift in Sources */,
			);
			runOnlyForDeploymentPostprocessing = 0;
		};
/* End PBXSourcesBuildPhase section */

/* Begin PBXVariantGroup section */
		8B4ED2C625BC92AE00485879 /* Main.storyboard */ = {
			isa = PBXVariantGroup;
			children = (
				8B4ED2C725BC92AE00485879 /* Base */,
			);
			name = Main.storyboard;
			sourceTree = "<group>";
		};
		8B4ED2CB25BC92AF00485879 /* LaunchScreen.storyboard */ = {
			isa = PBXVariantGroup;
			children = (
				8B4ED2CC25BC92AF00485879 /* Base */,
			);
			name = LaunchScreen.storyboard;
			sourceTree = "<group>";
		};
/* End PBXVariantGroup section */

/* Begin XCBuildConfiguration section */
		8B4ED2CF25BC92AF00485879 /* Debug */ = {
			isa = XCBuildConfiguration;
			buildSettings = {
				ALWAYS_SEARCH_USER_PATHS = NO;
				CLANG_ANALYZER_NONNULL = YES;
				CLANG_ANALYZER_NUMBER_OBJECT_CONVERSION = YES_AGGRESSIVE;
				CLANG_CXX_LANGUAGE_STANDARD = "gnu++14";
				CLANG_CXX_LIBRARY = "libc++";
				CLANG_ENABLE_MODULES = YES;
				CLANG_ENABLE_OBJC_ARC = YES;
				CLANG_ENABLE_OBJC_WEAK = YES;
				CLANG_WARN_BLOCK_CAPTURE_AUTORELEASING = YES;
				CLANG_WARN_BOOL_CONVERSION = YES;
				CLANG_WARN_COMMA = YES;
				CLANG_WARN_CONSTANT_CONVERSION = YES;
				CLANG_WARN_DEPRECATED_OBJC_IMPLEMENTATIONS = YES;
				CLANG_WARN_DIRECT_OBJC_ISA_USAGE = YES_ERROR;
				CLANG_WARN_DOCUMENTATION_COMMENTS = YES;
				CLANG_WARN_EMPTY_BODY = YES;
				CLANG_WARN_ENUM_CONVERSION = YES;
				CLANG_WARN_INFINITE_RECURSION = YES;
				CLANG_WARN_INT_CONVERSION = YES;
				CLANG_WARN_NON_LITERAL_NULL_CONVERSION = YES;
				CLANG_WARN_OBJC_IMPLICIT_RETAIN_SELF = YES;
				CLANG_WARN_OBJC_LITERAL_CONVERSION = YES;
				CLANG_WARN_OBJC_ROOT_CLASS = YES_ERROR;
				CLANG_WARN_QUOTED_INCLUDE_IN_FRAMEWORK_HEADER = YES;
				CLANG_WARN_RANGE_LOOP_ANALYSIS = YES;
				CLANG_WARN_STRICT_PROTOTYPES = YES;
				CLANG_WARN_SUSPICIOUS_MOVE = YES;
				CLANG_WARN_UNGUARDED_AVAILABILITY = YES_AGGRESSIVE;
				CLANG_WARN_UNREACHABLE_CODE = YES;
				CLANG_WARN__DUPLICATE_METHOD_MATCH = YES;
				COPY_PHASE_STRIP = NO;
				DEBUG_INFORMATION_FORMAT = dwarf;
				ENABLE_STRICT_OBJC_MSGSEND = YES;
				ENABLE_TESTABILITY = YES;
				GCC_C_LANGUAGE_STANDARD = gnu11;
				GCC_DYNAMIC_NO_PIC = NO;
				GCC_NO_COMMON_BLOCKS = YES;
				GCC_OPTIMIZATION_LEVEL = 0;
				GCC_PREPROCESSOR_DEFINITIONS = (
					"DEBUG=1",
					"$(inherited)",
				);
				GCC_WARN_64_TO_32_BIT_CONVERSION = YES;
				GCC_WARN_ABOUT_RETURN_TYPE = YES_ERROR;
				GCC_WARN_UNDECLARED_SELECTOR = YES;
				GCC_WARN_UNINITIALIZED_AUTOS = YES_AGGRESSIVE;
				GCC_WARN_UNUSED_FUNCTION = YES;
				GCC_WARN_UNUSED_VARIABLE = YES;
				IPHONEOS_DEPLOYMENT_TARGET = 14.3;
				MTL_ENABLE_DEBUG_INFO = INCLUDE_SOURCE;
				MTL_FAST_MATH = YES;
				ONLY_ACTIVE_ARCH = YES;
				SDKROOT = iphoneos;
				SWIFT_ACTIVE_COMPILATION_CONDITIONS = DEBUG;
				SWIFT_OPTIMIZATION_LEVEL = "-Onone";
			};
			name = Debug;
		};
		8B4ED2D025BC92AF00485879 /* Release */ = {
			isa = XCBuildConfiguration;
			buildSettings = {
				ALWAYS_SEARCH_USER_PATHS = NO;
				CLANG_ANALYZER_NONNULL = YES;
				CLANG_ANALYZER_NUMBER_OBJECT_CONVERSION = YES_AGGRESSIVE;
				CLANG_CXX_LANGUAGE_STANDARD = "gnu++14";
				CLANG_CXX_LIBRARY = "libc++";
				CLANG_ENABLE_MODULES = YES;
				CLANG_ENABLE_OBJC_ARC = YES;
				CLANG_ENABLE_OBJC_WEAK = YES;
				CLANG_WARN_BLOCK_CAPTURE_AUTORELEASING = YES;
				CLANG_WARN_BOOL_CONVERSION = YES;
				CLANG_WARN_COMMA = YES;
				CLANG_WARN_CONSTANT_CONVERSION = YES;
				CLANG_WARN_DEPRECATED_OBJC_IMPLEMENTATIONS = YES;
				CLANG_WARN_DIRECT_OBJC_ISA_USAGE = YES_ERROR;
				CLANG_WARN_DOCUMENTATION_COMMENTS = YES;
				CLANG_WARN_EMPTY_BODY = YES;
				CLANG_WARN_ENUM_CONVERSION = YES;
				CLANG_WARN_INFINITE_RECURSION = YES;
				CLANG_WARN_INT_CONVERSION = YES;
				CLANG_WARN_NON_LITERAL_NULL_CONVERSION = YES;
				CLANG_WARN_OBJC_IMPLICIT_RETAIN_SELF = YES;
				CLANG_WARN_OBJC_LITERAL_CONVERSION = YES;
				CLANG_WARN_OBJC_ROOT_CLASS = YES_ERROR;
				CLANG_WARN_QUOTED_INCLUDE_IN_FRAMEWORK_HEADER = YES;
				CLANG_WARN_RANGE_LOOP_ANALYSIS = YES;
				CLANG_WARN_STRICT_PROTOTYPES = YES;
				CLANG_WARN_SUSPICIOUS_MOVE = YES;
				CLANG_WARN_UNGUARDED_AVAILABILITY = YES_AGGRESSIVE;
				CLANG_WARN_UNREACHABLE_CODE = YES;
				CLANG_WARN__DUPLICATE_METHOD_MATCH = YES;
				COPY_PHASE_STRIP = NO;
				DEBUG_INFORMATION_FORMAT = "dwarf-with-dsym";
				ENABLE_NS_ASSERTIONS = NO;
				ENABLE_STRICT_OBJC_MSGSEND = YES;
				GCC_C_LANGUAGE_STANDARD = gnu11;
				GCC_NO_COMMON_BLOCKS = YES;
				GCC_WARN_64_TO_32_BIT_CONVERSION = YES;
				GCC_WARN_ABOUT_RETURN_TYPE = YES_ERROR;
				GCC_WARN_UNDECLARED_SELECTOR = YES;
				GCC_WARN_UNINITIALIZED_AUTOS = YES_AGGRESSIVE;
				GCC_WARN_UNUSED_FUNCTION = YES;
				GCC_WARN_UNUSED_VARIABLE = YES;
				IPHONEOS_DEPLOYMENT_TARGET = 14.3;
				MTL_ENABLE_DEBUG_INFO = NO;
				MTL_FAST_MATH = YES;
				SDKROOT = iphoneos;
				SWIFT_COMPILATION_MODE = wholemodule;
				SWIFT_OPTIMIZATION_LEVEL = "-O";
				VALIDATE_PRODUCT = YES;
			};
			name = Release;
		};
		8B4ED2D225BC92AF00485879 /* Debug */ = {
			isa = XCBuildConfiguration;
			baseConfigurationReference = 2C34517722B321A4400109A4 /* Pods-Swift_CustomApp.debug.xcconfig */;
			buildSettings = {
				ASSETCATALOG_COMPILER_APPICON_NAME = AppIcon;
				ASSETCATALOG_COMPILER_GLOBAL_ACCENT_COLOR_NAME = AccentColor;
				CODE_SIGN_STYLE = Automatic;
				DEVELOPMENT_TEAM = SN53JF86L5;
				INFOPLIST_FILE = Swift_CustomApp/Info.plist;
				LD_RUNPATH_SEARCH_PATHS = (
					"$(inherited)",
					"@executable_path/Frameworks",
				);
				PRODUCT_BUNDLE_IDENTIFIER = "com.DmitryDudenin.Swift-CustomApp";
				PRODUCT_NAME = "$(TARGET_NAME)";
				SWIFT_VERSION = 5.0;
				TARGETED_DEVICE_FAMILY = "1,2";
			};
			name = Debug;
		};
		8B4ED2D325BC92AF00485879 /* Release */ = {
			isa = XCBuildConfiguration;
			baseConfigurationReference = 5AA4795B742FB570B9B06AFD /* Pods-Swift_CustomApp.release.xcconfig */;
			buildSettings = {
				ASSETCATALOG_COMPILER_APPICON_NAME = AppIcon;
				ASSETCATALOG_COMPILER_GLOBAL_ACCENT_COLOR_NAME = AccentColor;
				CODE_SIGN_STYLE = Automatic;
				DEVELOPMENT_TEAM = SN53JF86L5;
				INFOPLIST_FILE = Swift_CustomApp/Info.plist;
				LD_RUNPATH_SEARCH_PATHS = (
					"$(inherited)",
					"@executable_path/Frameworks",
				);
				PRODUCT_BUNDLE_IDENTIFIER = "com.DmitryDudenin.Swift-CustomApp";
				PRODUCT_NAME = "$(TARGET_NAME)";
				SWIFT_VERSION = 5.0;
				TARGETED_DEVICE_FAMILY = "1,2";
			};
			name = Release;
		};
/* End XCBuildConfiguration section */

/* Begin XCConfigurationList section */
		8B4ED2B825BC92AE00485879 /* Build configuration list for PBXProject "Swift_CustomApp" */ = {
			isa = XCConfigurationList;
			buildConfigurations = (
				8B4ED2CF25BC92AF00485879 /* Debug */,
				8B4ED2D025BC92AF00485879 /* Release */,
			);
			defaultConfigurationIsVisible = 0;
			defaultConfigurationName = Release;
		};
		8B4ED2D125BC92AF00485879 /* Build configuration list for PBXNativeTarget "Swift_CustomApp" */ = {
			isa = XCConfigurationList;
			buildConfigurations = (
				8B4ED2D225BC92AF00485879 /* Debug */,
				8B4ED2D325BC92AF00485879 /* Release */,
			);
			defaultConfigurationIsVisible = 0;
			defaultConfigurationName = Release;
		};
/* End XCConfigurationList section */
	};
	rootObject = 8B4ED2B525BC92AE00485879 /* Project object */;
}
